
Microsoft Visual Studio Solution File, Format Version 12.00
# Visual Studio Version 17
VisualStudioVersion = 17.0.31919.166
MinimumVisualStudioVersion = 16.0.0.0
Project("{9A19103F-16F7-4668-BE54-9A1E7A4F7556}") = "SplineTools.Windows", "SplineTools.Windows\SplineTools.Windows.csproj", "{6882AD6D-3B9F-4CB9-BED3-6F711A319590}"
EndProject
Project("{9A19103F-16F7-4668-BE54-9A1E7A4F7556}") = "SplineTools", "SplineTools\SplineTools.csproj", "{221740D6-3709-4128-8683-F9FBE1B9C744}"
EndProject
Global
	GlobalSection(SolutionConfigurationPlatforms) = preSolution
		Debug|Any CPU = Debug|Any CPU
		Release|Any CPU = Release|Any CPU
	EndGlobalSection
	GlobalSection(ProjectConfigurationPlatforms) = postSolution
		{6882AD6D-3B9F-4CB9-BED3-6F711A319590}.Debug|Any CPU.ActiveCfg = Debug|Any CPU
		{6882AD6D-3B9F-4CB9-BED3-6F711A319590}.Debug|Any CPU.Build.0 = Debug|Any CPU
		{6882AD6D-3B9F-4CB9-BED3-6F711A319590}.Release|Any CPU.ActiveCfg = Release|Any CPU
		{6882AD6D-3B9F-4CB9-BED3-6F711A319590}.Release|Any CPU.Build.0 = Release|Any CPU
		{221740D6-3709-4128-8683-F9FBE1B9C744}.Debug|Any CPU.ActiveCfg = Debug|Any CPU
		{221740D6-3709-4128-8683-F9FBE1B9C744}.Debug|Any CPU.Build.0 = Debug|Any CPU
		{221740D6-3709-4128-8683-F9FBE1B9C744}.Release|Any CPU.ActiveCfg = Release|Any CPU
		{221740D6-3709-4128-8683-F9FBE1B9C744}.Release|Any CPU.Build.0 = Release|Any CPU
	EndGlobalSection
	GlobalSection(SolutionProperties) = preSolution
		HideSolutionNode = FALSE
	EndGlobalSection
	GlobalSection(ExtensibilityGlobals) = postSolution
		SolutionGuid = {F4B0680A-BF93-493D-8FC3-23CC41E34A1D}
	EndGlobalSection
EndGlobal
